
Microsoft Visual Studio Solution File, Format Version 12.00
# Visual Studio 2012
Project("{D954291E-2A0B-460D-934E-DC6B0785DB48}") = "data.collection", "data.collection\data.collection.shproj", "{9119BD45-D6D1-4214-BD0A-E6B4830E972F}"
EndProject
Project("{FAE04EC0-301F-11D3-BF4B-00C04F79EFBC}") = "data.collection.Droid", "Droid\data.collection.Droid.csproj", "{52EF2F0C-C3C7-4270-95EB-EA5B211C1533}"
EndProject
Project("{FAE04EC0-301F-11D3-BF4B-00C04F79EFBC}") = "data.collection.iOS", "iOS\data.collection.iOS.csproj", "{5506629E-2602-4D9E-BD20-1377F929D93E}"
EndProject
Global
	GlobalSection(SolutionConfigurationPlatforms) = preSolution
		Debug|Any CPU = Debug|Any CPU
		Release|Any CPU = Release|Any CPU
		Debug|iPhoneSimulator = Debug|iPhoneSimulator
		Release|iPhone = Release|iPhone
		Release|iPhoneSimulator = Release|iPhoneSimulator
		Debug|iPhone = Debug|iPhone
	EndGlobalSection
	GlobalSection(ProjectConfigurationPlatforms) = postSolution
		{52EF2F0C-C3C7-4270-95EB-EA5B211C1533}.Debug|Any CPU.ActiveCfg = Debug|Any CPU
		{52EF2F0C-C3C7-4270-95EB-EA5B211C1533}.Debug|Any CPU.Build.0 = Debug|Any CPU
		{52EF2F0C-C3C7-4270-95EB-EA5B211C1533}.Release|Any CPU.ActiveCfg = Release|Any CPU
		{52EF2F0C-C3C7-4270-95EB-EA5B211C1533}.Release|Any CPU.Build.0 = Release|Any CPU
		{52EF2F0C-C3C7-4270-95EB-EA5B211C1533}.Debug|iPhoneSimulator.ActiveCfg = Debug|Any CPU
		{52EF2F0C-C3C7-4270-95EB-EA5B211C1533}.Debug|iPhoneSimulator.Build.0 = Debug|Any CPU
		{52EF2F0C-C3C7-4270-95EB-EA5B211C1533}.Release|iPhone.ActiveCfg = Release|Any CPU
		{52EF2F0C-C3C7-4270-95EB-EA5B211C1533}.Release|iPhone.Build.0 = Release|Any CPU
		{52EF2F0C-C3C7-4270-95EB-EA5B211C1533}.Release|iPhoneSimulator.ActiveCfg = Release|Any CPU
		{52EF2F0C-C3C7-4270-95EB-EA5B211C1533}.Release|iPhoneSimulator.Build.0 = Release|Any CPU
		{52EF2F0C-C3C7-4270-95EB-EA5B211C1533}.Debug|iPhone.ActiveCfg = Debug|Any CPU
		{52EF2F0C-C3C7-4270-95EB-EA5B211C1533}.Debug|iPhone.Build.0 = Debug|Any CPU
		{5506629E-2602-4D9E-BD20-1377F929D93E}.Debug|Any CPU.ActiveCfg = Debug|iPhoneSimulator
		{5506629E-2602-4D9E-BD20-1377F929D93E}.Debug|Any CPU.Build.0 = Debug|iPhoneSimulator
		{5506629E-2602-4D9E-BD20-1377F929D93E}.Release|Any CPU.ActiveCfg = Release|iPhone
		{5506629E-2602-4D9E-BD20-1377F929D93E}.Release|Any CPU.Build.0 = Release|iPhone
		{5506629E-2602-4D9E-BD20-1377F929D93E}.Debug|iPhoneSimulator.ActiveCfg = Debug|iPhoneSimulator
		{5506629E-2602-4D9E-BD20-1377F929D93E}.Debug|iPhoneSimulator.Build.0 = Debug|iPhoneSimulator
		{5506629E-2602-4D9E-BD20-1377F929D93E}.Release|iPhone.ActiveCfg = Release|iPhone
		{5506629E-2602-4D9E-BD20-1377F929D93E}.Release|iPhone.Build.0 = Release|iPhone
		{5506629E-2602-4D9E-BD20-1377F929D93E}.Release|iPhoneSimulator.ActiveCfg = Release|iPhoneSimulator
		{5506629E-2602-4D9E-BD20-1377F929D93E}.Release|iPhoneSimulator.Build.0 = Release|iPhoneSimulator
		{5506629E-2602-4D9E-BD20-1377F929D93E}.Debug|iPhone.ActiveCfg = Debug|iPhone
		{5506629E-2602-4D9E-BD20-1377F929D93E}.Debug|iPhone.Build.0 = Debug|iPhone
	EndGlobalSection
EndGlobal
